// !$*UTF8*$!
{
	archiveVersion = 1;
	classes = {
	};
	objectVersion = 56;
	objects = {

/* Begin PBXBuildFile section */
		5491C0438860ECFD33693EB6 /* Pods_Eventura_SwiftUI_.framework in Frameworks */ = {isa = PBXBuildFile; fileRef = 56426E6D2DB55E3315029DFD /* Pods_Eventura_SwiftUI_.framework */; };
		62686B252D8527C8BC692AB9 /* Pods_Eventura_SwiftUI__Eventura_SwiftUI_UITests.framework in Frameworks */ = {isa = PBXBuildFile; fileRef = 0F6ED9A929017124E8E433F1 /* Pods_Eventura_SwiftUI__Eventura_SwiftUI_UITests.framework */; };
		7415827929C79683001B7AA6 /* CameraView.swift in Sources */ = {isa = PBXBuildFile; fileRef = 7415827829C79683001B7AA6 /* CameraView.swift */; };
		7415827B29C799B4001B7AA6 /* CameraViewModel.swift in Sources */ = {isa = PBXBuildFile; fileRef = 7415827A29C799B4001B7AA6 /* CameraViewModel.swift */; };
		7415827D29C7A311001B7AA6 /* QRCodeDetailView.swift in Sources */ = {isa = PBXBuildFile; fileRef = 7415827C29C7A311001B7AA6 /* QRCodeDetailView.swift */; };
		7415827F29C7A3E5001B7AA6 /* QRCodeScannerOverlay.swift in Sources */ = {isa = PBXBuildFile; fileRef = 7415827E29C7A3E5001B7AA6 /* QRCodeScannerOverlay.swift */; };
		7415828729C7B897001B7AA6 /* AllQRCodesView.swift in Sources */ = {isa = PBXBuildFile; fileRef = 7415828629C7B897001B7AA6 /* AllQRCodesView.swift */; };
		78A4CF34E97D012C72B94A66 /* Pods_Eventura_SwiftUI_Tests.framework in Frameworks */ = {isa = PBXBuildFile; fileRef = 00A9893DEA9C93BAD77962F7 /* Pods_Eventura_SwiftUI_Tests.framework */; };
		DD75FBAA29C784C3006FB626 /* Eventura_SwiftUI_App.swift in Sources */ = {isa = PBXBuildFile; fileRef = DD75FBA929C784C3006FB626 /* Eventura_SwiftUI_App.swift */; };
		DD75FBAC29C784C3006FB626 /* ContentView.swift in Sources */ = {isa = PBXBuildFile; fileRef = DD75FBAB29C784C3006FB626 /* ContentView.swift */; };
		DD75FBAE29C784C7006FB626 /* Assets.xcassets in Resources */ = {isa = PBXBuildFile; fileRef = DD75FBAD29C784C7006FB626 /* Assets.xcassets */; };
		DD75FBB129C784C7006FB626 /* Preview Assets.xcassets in Resources */ = {isa = PBXBuildFile; fileRef = DD75FBB029C784C7006FB626 /* Preview Assets.xcassets */; };
		DD75FBBB29C784C7006FB626 /* Eventura_SwiftUI_Tests.swift in Sources */ = {isa = PBXBuildFile; fileRef = DD75FBBA29C784C7006FB626 /* Eventura_SwiftUI_Tests.swift */; };
		DD75FBC529C784C7006FB626 /* Eventura_SwiftUI_UITests.swift in Sources */ = {isa = PBXBuildFile; fileRef = DD75FBC429C784C7006FB626 /* Eventura_SwiftUI_UITests.swift */; };
		DD75FBC729C784C7006FB626 /* Eventura_SwiftUI_UITestsLaunchTests.swift in Sources */ = {isa = PBXBuildFile; fileRef = DD75FBC629C784C7006FB626 /* Eventura_SwiftUI_UITestsLaunchTests.swift */; };
		DD75FBD429C784F3006FB626 /* User.swift in Sources */ = {isa = PBXBuildFile; fileRef = DD75FBD329C784F3006FB626 /* User.swift */; };
		DD75FBD629C7850D006FB626 /* AuthenticationManager.swift in Sources */ = {isa = PBXBuildFile; fileRef = DD75FBD529C7850D006FB626 /* AuthenticationManager.swift */; };
		DD75FBD829C78529006FB626 /* BiometricAuthenticationManager.swift in Sources */ = {isa = PBXBuildFile; fileRef = DD75FBD729C78529006FB626 /* BiometricAuthenticationManager.swift */; };
		DD75FBDA29C78858006FB626 /* LoginView.swift in Sources */ = {isa = PBXBuildFile; fileRef = DD75FBD929C78858006FB626 /* LoginView.swift */; };
		DD75FBDC29C7894C006FB626 /* SignUpView.swift in Sources */ = {isa = PBXBuildFile; fileRef = DD75FBDB29C7894C006FB626 /* SignUpView.swift */; };
		DD75FBDF29C79C8D006FB626 /* MainView.swift in Sources */ = {isa = PBXBuildFile; fileRef = DD75FBDE29C79C8D006FB626 /* MainView.swift */; };
		DD75FBE129C7B5AD006FB626 /* Token_Contract.sol in Resources */ = {isa = PBXBuildFile; fileRef = DD75FBE029C7B5AD006FB626 /* Token_Contract.sol */; };
		DD75FBE329C7F8F6006FB626 /* MintNFT.swift in Sources */ = {isa = PBXBuildFile; fileRef = DD75FBE229C7F8F6006FB626 /* MintNFT.swift */; };
		DD75FBE729C7FC17006FB626 /* Algorithms in Frameworks */ = {isa = PBXBuildFile; productRef = DD75FBE629C7FC17006FB626 /* Algorithms */; };
		DD75FBF529C815C1006FB626 /* web3swift in Frameworks */ = {isa = PBXBuildFile; productRef = DD75FBF429C815C1006FB626 /* web3swift */; };
/* End PBXBuildFile section */

/* Begin PBXContainerItemProxy section */
		DD75FBB729C784C7006FB626 /* PBXContainerItemProxy */ = {
			isa = PBXContainerItemProxy;
			containerPortal = DD75FB9E29C784C3006FB626 /* Project object */;
			proxyType = 1;
			remoteGlobalIDString = DD75FBA529C784C3006FB626;
			remoteInfo = "Eventura(SwiftUI)";
		};
		DD75FBC129C784C7006FB626 /* PBXContainerItemProxy */ = {
			isa = PBXContainerItemProxy;
			containerPortal = DD75FB9E29C784C3006FB626 /* Project object */;
			proxyType = 1;
			remoteGlobalIDString = DD75FBA529C784C3006FB626;
			remoteInfo = "Eventura(SwiftUI)";
		};
/* End PBXContainerItemProxy section */

/* Begin PBXFileReference section */
		00A9893DEA9C93BAD77962F7 /* Pods_Eventura_SwiftUI_Tests.framework */ = {isa = PBXFileReference; explicitFileType = wrapper.framework; includeInIndex = 0; path = Pods_Eventura_SwiftUI_Tests.framework; sourceTree = BUILT_PRODUCTS_DIR; };
		0F6ED9A929017124E8E433F1 /* Pods_Eventura_SwiftUI__Eventura_SwiftUI_UITests.framework */ = {isa = PBXFileReference; explicitFileType = wrapper.framework; includeInIndex = 0; path = Pods_Eventura_SwiftUI__Eventura_SwiftUI_UITests.framework; sourceTree = BUILT_PRODUCTS_DIR; };
		12B1E252F60A5BC622BC8404 /* Pods-Eventura(SwiftUI)-Eventura(SwiftUI)UITests.release.xcconfig */ = {isa = PBXFileReference; includeInIndex = 1; lastKnownFileType = text.xcconfig; name = "Pods-Eventura(SwiftUI)-Eventura(SwiftUI)UITests.release.xcconfig"; path = "Target Support Files/Pods-Eventura(SwiftUI)-Eventura(SwiftUI)UITests/Pods-Eventura(SwiftUI)-Eventura(SwiftUI)UITests.release.xcconfig"; sourceTree = "<group>"; };
		1A2EE600282F7DE8792C079E /* Pods-Eventura(SwiftUI).release.xcconfig */ = {isa = PBXFileReference; includeInIndex = 1; lastKnownFileType = text.xcconfig; name = "Pods-Eventura(SwiftUI).release.xcconfig"; path = "Target Support Files/Pods-Eventura(SwiftUI)/Pods-Eventura(SwiftUI).release.xcconfig"; sourceTree = "<group>"; };
		26574A6E15A9F60D71BBF0F5 /* Pods-Eventura(SwiftUI)Tests.release.xcconfig */ = {isa = PBXFileReference; includeInIndex = 1; lastKnownFileType = text.xcconfig; name = "Pods-Eventura(SwiftUI)Tests.release.xcconfig"; path = "Target Support Files/Pods-Eventura(SwiftUI)Tests/Pods-Eventura(SwiftUI)Tests.release.xcconfig"; sourceTree = "<group>"; };
		56426E6D2DB55E3315029DFD /* Pods_Eventura_SwiftUI_.framework */ = {isa = PBXFileReference; explicitFileType = wrapper.framework; includeInIndex = 0; path = Pods_Eventura_SwiftUI_.framework; sourceTree = BUILT_PRODUCTS_DIR; };
		5D31A3473086D8C661C5B04C /* Pods-Eventura(SwiftUI)Tests.debug.xcconfig */ = {isa = PBXFileReference; includeInIndex = 1; lastKnownFileType = text.xcconfig; name = "Pods-Eventura(SwiftUI)Tests.debug.xcconfig"; path = "Target Support Files/Pods-Eventura(SwiftUI)Tests/Pods-Eventura(SwiftUI)Tests.debug.xcconfig"; sourceTree = "<group>"; };
		7415827829C79683001B7AA6 /* CameraView.swift */ = {isa = PBXFileReference; lastKnownFileType = sourcecode.swift; path = CameraView.swift; sourceTree = "<group>"; };
		7415827A29C799B4001B7AA6 /* CameraViewModel.swift */ = {isa = PBXFileReference; lastKnownFileType = sourcecode.swift; path = CameraViewModel.swift; sourceTree = "<group>"; };
		7415827C29C7A311001B7AA6 /* QRCodeDetailView.swift */ = {isa = PBXFileReference; lastKnownFileType = sourcecode.swift; path = QRCodeDetailView.swift; sourceTree = "<group>"; };
		7415827E29C7A3E5001B7AA6 /* QRCodeScannerOverlay.swift */ = {isa = PBXFileReference; lastKnownFileType = sourcecode.swift; path = QRCodeScannerOverlay.swift; sourceTree = "<group>"; };
		7415828629C7B897001B7AA6 /* AllQRCodesView.swift */ = {isa = PBXFileReference; lastKnownFileType = sourcecode.swift; path = AllQRCodesView.swift; sourceTree = "<group>"; };
		773D84B42D7B68A78C458496 /* Pods-Eventura(SwiftUI)-Eventura(SwiftUI)UITests.debug.xcconfig */ = {isa = PBXFileReference; includeInIndex = 1; lastKnownFileType = text.xcconfig; name = "Pods-Eventura(SwiftUI)-Eventura(SwiftUI)UITests.debug.xcconfig"; path = "Target Support Files/Pods-Eventura(SwiftUI)-Eventura(SwiftUI)UITests/Pods-Eventura(SwiftUI)-Eventura(SwiftUI)UITests.debug.xcconfig"; sourceTree = "<group>"; };
		AFA99B20EDC09FA34492266E /* Pods-Eventura(SwiftUI).debug.xcconfig */ = {isa = PBXFileReference; includeInIndex = 1; lastKnownFileType = text.xcconfig; name = "Pods-Eventura(SwiftUI).debug.xcconfig"; path = "Target Support Files/Pods-Eventura(SwiftUI)/Pods-Eventura(SwiftUI).debug.xcconfig"; sourceTree = "<group>"; };
		DD75FBA629C784C3006FB626 /* Eventura(SwiftUI).app */ = {isa = PBXFileReference; explicitFileType = wrapper.application; includeInIndex = 0; path = "Eventura(SwiftUI).app"; sourceTree = BUILT_PRODUCTS_DIR; };
		DD75FBA929C784C3006FB626 /* Eventura_SwiftUI_App.swift */ = {isa = PBXFileReference; lastKnownFileType = sourcecode.swift; path = Eventura_SwiftUI_App.swift; sourceTree = "<group>"; };
		DD75FBAB29C784C3006FB626 /* ContentView.swift */ = {isa = PBXFileReference; lastKnownFileType = sourcecode.swift; path = ContentView.swift; sourceTree = "<group>"; };
		DD75FBAD29C784C7006FB626 /* Assets.xcassets */ = {isa = PBXFileReference; lastKnownFileType = folder.assetcatalog; path = Assets.xcassets; sourceTree = "<group>"; };
		DD75FBB029C784C7006FB626 /* Preview Assets.xcassets */ = {isa = PBXFileReference; lastKnownFileType = folder.assetcatalog; path = "Preview Assets.xcassets"; sourceTree = "<group>"; };
		DD75FBB629C784C7006FB626 /* Eventura(SwiftUI)Tests.xctest */ = {isa = PBXFileReference; explicitFileType = wrapper.cfbundle; includeInIndex = 0; path = "Eventura(SwiftUI)Tests.xctest"; sourceTree = BUILT_PRODUCTS_DIR; };
		DD75FBBA29C784C7006FB626 /* Eventura_SwiftUI_Tests.swift */ = {isa = PBXFileReference; lastKnownFileType = sourcecode.swift; path = Eventura_SwiftUI_Tests.swift; sourceTree = "<group>"; };
		DD75FBC029C784C7006FB626 /* Eventura(SwiftUI)UITests.xctest */ = {isa = PBXFileReference; explicitFileType = wrapper.cfbundle; includeInIndex = 0; path = "Eventura(SwiftUI)UITests.xctest"; sourceTree = BUILT_PRODUCTS_DIR; };
		DD75FBC429C784C7006FB626 /* Eventura_SwiftUI_UITests.swift */ = {isa = PBXFileReference; lastKnownFileType = sourcecode.swift; path = Eventura_SwiftUI_UITests.swift; sourceTree = "<group>"; };
		DD75FBC629C784C7006FB626 /* Eventura_SwiftUI_UITestsLaunchTests.swift */ = {isa = PBXFileReference; lastKnownFileType = sourcecode.swift; path = Eventura_SwiftUI_UITestsLaunchTests.swift; sourceTree = "<group>"; };
		DD75FBD329C784F3006FB626 /* User.swift */ = {isa = PBXFileReference; lastKnownFileType = sourcecode.swift; path = User.swift; sourceTree = "<group>"; };
		DD75FBD529C7850D006FB626 /* AuthenticationManager.swift */ = {isa = PBXFileReference; lastKnownFileType = sourcecode.swift; path = AuthenticationManager.swift; sourceTree = "<group>"; };
		DD75FBD729C78529006FB626 /* BiometricAuthenticationManager.swift */ = {isa = PBXFileReference; lastKnownFileType = sourcecode.swift; path = BiometricAuthenticationManager.swift; sourceTree = "<group>"; };
		DD75FBD929C78858006FB626 /* LoginView.swift */ = {isa = PBXFileReference; lastKnownFileType = sourcecode.swift; path = LoginView.swift; sourceTree = "<group>"; };
		DD75FBDB29C7894C006FB626 /* SignUpView.swift */ = {isa = PBXFileReference; lastKnownFileType = sourcecode.swift; path = SignUpView.swift; sourceTree = "<group>"; };
		DD75FBDD29C78D3F006FB626 /* Eventura-SwiftUI--Info.plist */ = {isa = PBXFileReference; lastKnownFileType = text.plist; path = "Eventura-SwiftUI--Info.plist"; sourceTree = SOURCE_ROOT; };
		DD75FBDE29C79C8D006FB626 /* MainView.swift */ = {isa = PBXFileReference; lastKnownFileType = sourcecode.swift; path = MainView.swift; sourceTree = "<group>"; };
		DD75FBE029C7B5AD006FB626 /* Token_Contract.sol */ = {isa = PBXFileReference; lastKnownFileType = text; path = Token_Contract.sol; sourceTree = "<group>"; };
		DD75FBE229C7F8F6006FB626 /* MintNFT.swift */ = {isa = PBXFileReference; lastKnownFileType = sourcecode.swift; path = MintNFT.swift; sourceTree = "<group>"; };
/* End PBXFileReference section */

/* Begin PBXFrameworksBuildPhase section */
		DD75FBA329C784C3006FB626 /* Frameworks */ = {
			isa = PBXFrameworksBuildPhase;
			buildActionMask = 2147483647;
			files = (
				DD75FBE729C7FC17006FB626 /* Algorithms in Frameworks */,
				5491C0438860ECFD33693EB6 /* Pods_Eventura_SwiftUI_.framework in Frameworks */,
				DD75FBF529C815C1006FB626 /* web3swift in Frameworks */,
			);
			runOnlyForDeploymentPostprocessing = 0;
		};
		DD75FBB329C784C7006FB626 /* Frameworks */ = {
			isa = PBXFrameworksBuildPhase;
			buildActionMask = 2147483647;
			files = (
				78A4CF34E97D012C72B94A66 /* Pods_Eventura_SwiftUI_Tests.framework in Frameworks */,
			);
			runOnlyForDeploymentPostprocessing = 0;
		};
		DD75FBBD29C784C7006FB626 /* Frameworks */ = {
			isa = PBXFrameworksBuildPhase;
			buildActionMask = 2147483647;
			files = (
				62686B252D8527C8BC692AB9 /* Pods_Eventura_SwiftUI__Eventura_SwiftUI_UITests.framework in Frameworks */,
			);
			runOnlyForDeploymentPostprocessing = 0;
		};
/* End PBXFrameworksBuildPhase section */

/* Begin PBXGroup section */
		21EF9E87FAD5CC317BD87A38 /* Pods */ = {
			isa = PBXGroup;
			children = (
				AFA99B20EDC09FA34492266E /* Pods-Eventura(SwiftUI).debug.xcconfig */,
				1A2EE600282F7DE8792C079E /* Pods-Eventura(SwiftUI).release.xcconfig */,
				773D84B42D7B68A78C458496 /* Pods-Eventura(SwiftUI)-Eventura(SwiftUI)UITests.debug.xcconfig */,
				12B1E252F60A5BC622BC8404 /* Pods-Eventura(SwiftUI)-Eventura(SwiftUI)UITests.release.xcconfig */,
				5D31A3473086D8C661C5B04C /* Pods-Eventura(SwiftUI)Tests.debug.xcconfig */,
				26574A6E15A9F60D71BBF0F5 /* Pods-Eventura(SwiftUI)Tests.release.xcconfig */,
			);
			path = Pods;
			sourceTree = "<group>";
		};
		BCA131E1D1374615AF6F4215 /* Frameworks */ = {
			isa = PBXGroup;
			children = (
				56426E6D2DB55E3315029DFD /* Pods_Eventura_SwiftUI_.framework */,
				0F6ED9A929017124E8E433F1 /* Pods_Eventura_SwiftUI__Eventura_SwiftUI_UITests.framework */,
				00A9893DEA9C93BAD77962F7 /* Pods_Eventura_SwiftUI_Tests.framework */,
			);
			name = Frameworks;
			sourceTree = "<group>";
		};
		DD75FB9D29C784C3006FB626 = {
			isa = PBXGroup;
			children = (
				DD75FBA829C784C3006FB626 /* Eventura(SwiftUI) */,
				DD75FBB929C784C7006FB626 /* Eventura(SwiftUI)Tests */,
				DD75FBC329C784C7006FB626 /* Eventura(SwiftUI)UITests */,
				DD75FBA729C784C3006FB626 /* Products */,
				21EF9E87FAD5CC317BD87A38 /* Pods */,
				BCA131E1D1374615AF6F4215 /* Frameworks */,
			);
			sourceTree = "<group>";
		};
		DD75FBA729C784C3006FB626 /* Products */ = {
			isa = PBXGroup;
			children = (
				DD75FBA629C784C3006FB626 /* Eventura(SwiftUI).app */,
				DD75FBB629C784C7006FB626 /* Eventura(SwiftUI)Tests.xctest */,
				DD75FBC029C784C7006FB626 /* Eventura(SwiftUI)UITests.xctest */,
			);
			name = Products;
			sourceTree = "<group>";
		};
		DD75FBA829C784C3006FB626 /* Eventura(SwiftUI) */ = {
			isa = PBXGroup;
			children = (
				DD75FBDD29C78D3F006FB626 /* Eventura-SwiftUI--Info.plist */,
				DD75FBA929C784C3006FB626 /* Eventura_SwiftUI_App.swift */,
				DD75FBAB29C784C3006FB626 /* ContentView.swift */,
				DD75FBAD29C784C7006FB626 /* Assets.xcassets */,
				DD75FBAF29C784C7006FB626 /* Preview Content */,
				DD75FBD329C784F3006FB626 /* User.swift */,
				DD75FBD529C7850D006FB626 /* AuthenticationManager.swift */,
				DD75FBD729C78529006FB626 /* BiometricAuthenticationManager.swift */,
				DD75FBD929C78858006FB626 /* LoginView.swift */,
				7415827829C79683001B7AA6 /* CameraView.swift */,
				7415828629C7B897001B7AA6 /* AllQRCodesView.swift */,
				7415827E29C7A3E5001B7AA6 /* QRCodeScannerOverlay.swift */,
				7415827C29C7A311001B7AA6 /* QRCodeDetailView.swift */,
				7415827A29C799B4001B7AA6 /* CameraViewModel.swift */,
				DD75FBDB29C7894C006FB626 /* SignUpView.swift */,
				DD75FBDE29C79C8D006FB626 /* MainView.swift */,
				DD75FBE029C7B5AD006FB626 /* Token_Contract.sol */,
				DD75FBE229C7F8F6006FB626 /* MintNFT.swift */,
			);
			path = "Eventura(SwiftUI)";
			sourceTree = "<group>";
		};
		DD75FBAF29C784C7006FB626 /* Preview Content */ = {
			isa = PBXGroup;
			children = (
				DD75FBB029C784C7006FB626 /* Preview Assets.xcassets */,
			);
			path = "Preview Content";
			sourceTree = "<group>";
		};
		DD75FBB929C784C7006FB626 /* Eventura(SwiftUI)Tests */ = {
			isa = PBXGroup;
			children = (
				DD75FBBA29C784C7006FB626 /* Eventura_SwiftUI_Tests.swift */,
			);
			path = "Eventura(SwiftUI)Tests";
			sourceTree = "<group>";
		};
		DD75FBC329C784C7006FB626 /* Eventura(SwiftUI)UITests */ = {
			isa = PBXGroup;
			children = (
				DD75FBC429C784C7006FB626 /* Eventura_SwiftUI_UITests.swift */,
				DD75FBC629C784C7006FB626 /* Eventura_SwiftUI_UITestsLaunchTests.swift */,
			);
			path = "Eventura(SwiftUI)UITests";
			sourceTree = "<group>";
		};
/* End PBXGroup section */

/* Begin PBXNativeTarget section */
		DD75FBA529C784C3006FB626 /* Eventura(SwiftUI) */ = {
			isa = PBXNativeTarget;
			buildConfigurationList = DD75FBCA29C784C7006FB626 /* Build configuration list for PBXNativeTarget "Eventura(SwiftUI)" */;
			buildPhases = (
				C7BED17BBB1B460D00977A98 /* [CP] Check Pods Manifest.lock */,
				DD75FBA229C784C3006FB626 /* Sources */,
				DD75FBA329C784C3006FB626 /* Frameworks */,
				DD75FBA429C784C3006FB626 /* Resources */,
			);
			buildRules = (
			);
			dependencies = (
			);
			name = "Eventura(SwiftUI)";
			packageProductDependencies = (
				DD75FBE629C7FC17006FB626 /* Algorithms */,
				DD75FBF429C815C1006FB626 /* web3swift */,
			);
			productName = "Eventura(SwiftUI)";
			productReference = DD75FBA629C784C3006FB626 /* Eventura(SwiftUI).app */;
			productType = "com.apple.product-type.application";
		};
		DD75FBB529C784C7006FB626 /* Eventura(SwiftUI)Tests */ = {
			isa = PBXNativeTarget;
			buildConfigurationList = DD75FBCD29C784C7006FB626 /* Build configuration list for PBXNativeTarget "Eventura(SwiftUI)Tests" */;
			buildPhases = (
				279A4E41161534DEE8B5581A /* [CP] Check Pods Manifest.lock */,
				DD75FBB229C784C7006FB626 /* Sources */,
				DD75FBB329C784C7006FB626 /* Frameworks */,
				DD75FBB429C784C7006FB626 /* Resources */,
			);
			buildRules = (
			);
			dependencies = (
				DD75FBB829C784C7006FB626 /* PBXTargetDependency */,
			);
			name = "Eventura(SwiftUI)Tests";
			productName = "Eventura(SwiftUI)Tests";
			productReference = DD75FBB629C784C7006FB626 /* Eventura(SwiftUI)Tests.xctest */;
			productType = "com.apple.product-type.bundle.unit-test";
		};
		DD75FBBF29C784C7006FB626 /* Eventura(SwiftUI)UITests */ = {
			isa = PBXNativeTarget;
			buildConfigurationList = DD75FBD029C784C7006FB626 /* Build configuration list for PBXNativeTarget "Eventura(SwiftUI)UITests" */;
			buildPhases = (
				7831067D962242A86AAA427E /* [CP] Check Pods Manifest.lock */,
				DD75FBBC29C784C7006FB626 /* Sources */,
				DD75FBBD29C784C7006FB626 /* Frameworks */,
				DD75FBBE29C784C7006FB626 /* Resources */,
			);
			buildRules = (
			);
			dependencies = (
				DD75FBC229C784C7006FB626 /* PBXTargetDependency */,
			);
			name = "Eventura(SwiftUI)UITests";
			productName = "Eventura(SwiftUI)UITests";
			productReference = DD75FBC029C784C7006FB626 /* Eventura(SwiftUI)UITests.xctest */;
			productType = "com.apple.product-type.bundle.ui-testing";
		};
/* End PBXNativeTarget section */

/* Begin PBXProject section */
		DD75FB9E29C784C3006FB626 /* Project object */ = {
			isa = PBXProject;
			attributes = {
				BuildIndependentTargetsInParallel = 1;
				LastSwiftUpdateCheck = 1420;
				LastUpgradeCheck = 1420;
				TargetAttributes = {
					DD75FBA529C784C3006FB626 = {
						CreatedOnToolsVersion = 14.2;
					};
					DD75FBB529C784C7006FB626 = {
						CreatedOnToolsVersion = 14.2;
						TestTargetID = DD75FBA529C784C3006FB626;
					};
					DD75FBBF29C784C7006FB626 = {
						CreatedOnToolsVersion = 14.2;
						TestTargetID = DD75FBA529C784C3006FB626;
					};
				};
			};
			buildConfigurationList = DD75FBA129C784C3006FB626 /* Build configuration list for PBXProject "Eventura(SwiftUI)" */;
			compatibilityVersion = "Xcode 14.0";
			developmentRegion = en;
			hasScannedForEncodings = 0;
			knownRegions = (
				en,
				Base,
			);
			mainGroup = DD75FB9D29C784C3006FB626;
			packageReferences = (
				DD75FBE529C7FC17006FB626 /* XCRemoteSwiftPackageReference "swift-algorithms" */,
				DD75FBF329C815C1006FB626 /* XCRemoteSwiftPackageReference "web3swift" */,
			);
			productRefGroup = DD75FBA729C784C3006FB626 /* Products */;
			projectDirPath = "";
			projectRoot = "";
			targets = (
				DD75FBA529C784C3006FB626 /* Eventura(SwiftUI) */,
				DD75FBB529C784C7006FB626 /* Eventura(SwiftUI)Tests */,
				DD75FBBF29C784C7006FB626 /* Eventura(SwiftUI)UITests */,
			);
		};
/* End PBXProject section */

/* Begin PBXResourcesBuildPhase section */
		DD75FBA429C784C3006FB626 /* Resources */ = {
			isa = PBXResourcesBuildPhase;
			buildActionMask = 2147483647;
			files = (
				DD75FBE129C7B5AD006FB626 /* Token_Contract.sol in Resources */,
				DD75FBB129C784C7006FB626 /* Preview Assets.xcassets in Resources */,
				DD75FBAE29C784C7006FB626 /* Assets.xcassets in Resources */,
			);
			runOnlyForDeploymentPostprocessing = 0;
		};
		DD75FBB429C784C7006FB626 /* Resources */ = {
			isa = PBXResourcesBuildPhase;
			buildActionMask = 2147483647;
			files = (
			);
			runOnlyForDeploymentPostprocessing = 0;
		};
		DD75FBBE29C784C7006FB626 /* Resources */ = {
			isa = PBXResourcesBuildPhase;
			buildActionMask = 2147483647;
			files = (
			);
			runOnlyForDeploymentPostprocessing = 0;
		};
/* End PBXResourcesBuildPhase section */

/* Begin PBXShellScriptBuildPhase section */
		279A4E41161534DEE8B5581A /* [CP] Check Pods Manifest.lock */ = {
			isa = PBXShellScriptBuildPhase;
			buildActionMask = 2147483647;
			files = (
			);
			inputFileListPaths = (
			);
			inputPaths = (
				"${PODS_PODFILE_DIR_PATH}/Podfile.lock",
				"${PODS_ROOT}/Manifest.lock",
			);
			name = "[CP] Check Pods Manifest.lock";
			outputFileListPaths = (
			);
			outputPaths = (
				"$(DERIVED_FILE_DIR)/Pods-Eventura(SwiftUI)Tests-checkManifestLockResult.txt",
			);
			runOnlyForDeploymentPostprocessing = 0;
			shellPath = /bin/sh;
			shellScript = "diff \"${PODS_PODFILE_DIR_PATH}/Podfile.lock\" \"${PODS_ROOT}/Manifest.lock\" > /dev/null\nif [ $? != 0 ] ; then\n    # print error to STDERR\n    echo \"error: The sandbox is not in sync with the Podfile.lock. Run 'pod install' or update your CocoaPods installation.\" >&2\n    exit 1\nfi\n# This output is used by Xcode 'outputs' to avoid re-running this script phase.\necho \"SUCCESS\" > \"${SCRIPT_OUTPUT_FILE_0}\"\n";
			showEnvVarsInLog = 0;
		};
		7831067D962242A86AAA427E /* [CP] Check Pods Manifest.lock */ = {
			isa = PBXShellScriptBuildPhase;
			buildActionMask = 2147483647;
			files = (
			);
			inputFileListPaths = (
			);
			inputPaths = (
				"${PODS_PODFILE_DIR_PATH}/Podfile.lock",
				"${PODS_ROOT}/Manifest.lock",
			);
			name = "[CP] Check Pods Manifest.lock";
			outputFileListPaths = (
			);
			outputPaths = (
				"$(DERIVED_FILE_DIR)/Pods-Eventura(SwiftUI)-Eventura(SwiftUI)UITests-checkManifestLockResult.txt",
			);
			runOnlyForDeploymentPostprocessing = 0;
			shellPath = /bin/sh;
			shellScript = "diff \"${PODS_PODFILE_DIR_PATH}/Podfile.lock\" \"${PODS_ROOT}/Manifest.lock\" > /dev/null\nif [ $? != 0 ] ; then\n    # print error to STDERR\n    echo \"error: The sandbox is not in sync with the Podfile.lock. Run 'pod install' or update your CocoaPods installation.\" >&2\n    exit 1\nfi\n# This output is used by Xcode 'outputs' to avoid re-running this script phase.\necho \"SUCCESS\" > \"${SCRIPT_OUTPUT_FILE_0}\"\n";
			showEnvVarsInLog = 0;
		};
		C7BED17BBB1B460D00977A98 /* [CP] Check Pods Manifest.lock */ = {
			isa = PBXShellScriptBuildPhase;
			buildActionMask = 2147483647;
			files = (
			);
			inputFileListPaths = (
			);
			inputPaths = (
				"${PODS_PODFILE_DIR_PATH}/Podfile.lock",
				"${PODS_ROOT}/Manifest.lock",
			);
			name = "[CP] Check Pods Manifest.lock";
			outputFileListPaths = (
			);
			outputPaths = (
				"$(DERIVED_FILE_DIR)/Pods-Eventura(SwiftUI)-checkManifestLockResult.txt",
			);
			runOnlyForDeploymentPostprocessing = 0;
			shellPath = /bin/sh;
			shellScript = "diff \"${PODS_PODFILE_DIR_PATH}/Podfile.lock\" \"${PODS_ROOT}/Manifest.lock\" > /dev/null\nif [ $? != 0 ] ; then\n    # print error to STDERR\n    echo \"error: The sandbox is not in sync with the Podfile.lock. Run 'pod install' or update your CocoaPods installation.\" >&2\n    exit 1\nfi\n# This output is used by Xcode 'outputs' to avoid re-running this script phase.\necho \"SUCCESS\" > \"${SCRIPT_OUTPUT_FILE_0}\"\n";
			showEnvVarsInLog = 0;
		};
/* End PBXShellScriptBuildPhase section */

/* Begin PBXSourcesBuildPhase section */
		DD75FBA229C784C3006FB626 /* Sources */ = {
			isa = PBXSourcesBuildPhase;
			buildActionMask = 2147483647;
			files = (
				7415827F29C7A3E5001B7AA6 /* QRCodeScannerOverlay.swift in Sources */,
				DD75FBDA29C78858006FB626 /* LoginView.swift in Sources */,
				DD75FBDF29C79C8D006FB626 /* MainView.swift in Sources */,
				7415828729C7B897001B7AA6 /* AllQRCodesView.swift in Sources */,
				DD75FBD829C78529006FB626 /* BiometricAuthenticationManager.swift in Sources */,
				DD75FBAC29C784C3006FB626 /* ContentView.swift in Sources */,
				DD75FBDC29C7894C006FB626 /* SignUpView.swift in Sources */,
				DD75FBD629C7850D006FB626 /* AuthenticationManager.swift in Sources */,
				DD75FBE329C7F8F6006FB626 /* MintNFT.swift in Sources */,
				7415827B29C799B4001B7AA6 /* CameraViewModel.swift in Sources */,
				DD75FBAA29C784C3006FB626 /* Eventura_SwiftUI_App.swift in Sources */,
				7415827D29C7A311001B7AA6 /* QRCodeDetailView.swift in Sources */,
				DD75FBD429C784F3006FB626 /* User.swift in Sources */,
				7415827929C79683001B7AA6 /* CameraView.swift in Sources */,
			);
			runOnlyForDeploymentPostprocessing = 0;
		};
		DD75FBB229C784C7006FB626 /* Sources */ = {
			isa = PBXSourcesBuildPhase;
			buildActionMask = 2147483647;
			files = (
				DD75FBBB29C784C7006FB626 /* Eventura_SwiftUI_Tests.swift in Sources */,
			);
			runOnlyForDeploymentPostprocessing = 0;
		};
		DD75FBBC29C784C7006FB626 /* Sources */ = {
			isa = PBXSourcesBuildPhase;
			buildActionMask = 2147483647;
			files = (
				DD75FBC729C784C7006FB626 /* Eventura_SwiftUI_UITestsLaunchTests.swift in Sources */,
				DD75FBC529C784C7006FB626 /* Eventura_SwiftUI_UITests.swift in Sources */,
			);
			runOnlyForDeploymentPostprocessing = 0;
		};
/* End PBXSourcesBuildPhase section */

/* Begin PBXTargetDependency section */
		DD75FBB829C784C7006FB626 /* PBXTargetDependency */ = {
			isa = PBXTargetDependency;
			target = DD75FBA529C784C3006FB626 /* Eventura(SwiftUI) */;
			targetProxy = DD75FBB729C784C7006FB626 /* PBXContainerItemProxy */;
		};
		DD75FBC229C784C7006FB626 /* PBXTargetDependency */ = {
			isa = PBXTargetDependency;
			target = DD75FBA529C784C3006FB626 /* Eventura(SwiftUI) */;
			targetProxy = DD75FBC129C784C7006FB626 /* PBXContainerItemProxy */;
		};
/* End PBXTargetDependency section */

/* Begin XCBuildConfiguration section */
		DD75FBC829C784C7006FB626 /* Debug */ = {
			isa = XCBuildConfiguration;
			buildSettings = {
				ALWAYS_SEARCH_USER_PATHS = NO;
				CLANG_ANALYZER_NONNULL = YES;
				CLANG_ANALYZER_NUMBER_OBJECT_CONVERSION = YES_AGGRESSIVE;
				CLANG_CXX_LANGUAGE_STANDARD = "gnu++20";
				CLANG_ENABLE_MODULES = YES;
				CLANG_ENABLE_OBJC_ARC = YES;
				CLANG_ENABLE_OBJC_WEAK = YES;
				CLANG_WARN_BLOCK_CAPTURE_AUTORELEASING = YES;
				CLANG_WARN_BOOL_CONVERSION = YES;
				CLANG_WARN_COMMA = YES;
				CLANG_WARN_CONSTANT_CONVERSION = YES;
				CLANG_WARN_DEPRECATED_OBJC_IMPLEMENTATIONS = YES;
				CLANG_WARN_DIRECT_OBJC_ISA_USAGE = YES_ERROR;
				CLANG_WARN_DOCUMENTATION_COMMENTS = YES;
				CLANG_WARN_EMPTY_BODY = YES;
				CLANG_WARN_ENUM_CONVERSION = YES;
				CLANG_WARN_INFINITE_RECURSION = YES;
				CLANG_WARN_INT_CONVERSION = YES;
				CLANG_WARN_NON_LITERAL_NULL_CONVERSION = YES;
				CLANG_WARN_OBJC_IMPLICIT_RETAIN_SELF = YES;
				CLANG_WARN_OBJC_LITERAL_CONVERSION = YES;
				CLANG_WARN_OBJC_ROOT_CLASS = YES_ERROR;
				CLANG_WARN_QUOTED_INCLUDE_IN_FRAMEWORK_HEADER = YES;
				CLANG_WARN_RANGE_LOOP_ANALYSIS = YES;
				CLANG_WARN_STRICT_PROTOTYPES = YES;
				CLANG_WARN_SUSPICIOUS_MOVE = YES;
				CLANG_WARN_UNGUARDED_AVAILABILITY = YES_AGGRESSIVE;
				CLANG_WARN_UNREACHABLE_CODE = YES;
				CLANG_WARN__DUPLICATE_METHOD_MATCH = YES;
				COPY_PHASE_STRIP = NO;
				DEBUG_INFORMATION_FORMAT = dwarf;
				ENABLE_STRICT_OBJC_MSGSEND = YES;
				ENABLE_TESTABILITY = YES;
				GCC_C_LANGUAGE_STANDARD = gnu11;
				GCC_DYNAMIC_NO_PIC = NO;
				GCC_NO_COMMON_BLOCKS = YES;
				GCC_OPTIMIZATION_LEVEL = 0;
				GCC_PREPROCESSOR_DEFINITIONS = (
					"DEBUG=1",
					"$(inherited)",
				);
				GCC_WARN_64_TO_32_BIT_CONVERSION = YES;
				GCC_WARN_ABOUT_RETURN_TYPE = YES_ERROR;
				GCC_WARN_UNDECLARED_SELECTOR = YES;
				GCC_WARN_UNINITIALIZED_AUTOS = YES_AGGRESSIVE;
				GCC_WARN_UNUSED_FUNCTION = YES;
				GCC_WARN_UNUSED_VARIABLE = YES;
				IPHONEOS_DEPLOYMENT_TARGET = 16.2;
				MTL_ENABLE_DEBUG_INFO = INCLUDE_SOURCE;
				MTL_FAST_MATH = YES;
				ONLY_ACTIVE_ARCH = YES;
				SDKROOT = iphoneos;
				SWIFT_ACTIVE_COMPILATION_CONDITIONS = DEBUG;
				SWIFT_OPTIMIZATION_LEVEL = "-Onone";
			};
			name = Debug;
		};
		DD75FBC929C784C7006FB626 /* Release */ = {
			isa = XCBuildConfiguration;
			buildSettings = {
				ALWAYS_SEARCH_USER_PATHS = NO;
				CLANG_ANALYZER_NONNULL = YES;
				CLANG_ANALYZER_NUMBER_OBJECT_CONVERSION = YES_AGGRESSIVE;
				CLANG_CXX_LANGUAGE_STANDARD = "gnu++20";
				CLANG_ENABLE_MODULES = YES;
				CLANG_ENABLE_OBJC_ARC = YES;
				CLANG_ENABLE_OBJC_WEAK = YES;
				CLANG_WARN_BLOCK_CAPTURE_AUTORELEASING = YES;
				CLANG_WARN_BOOL_CONVERSION = YES;
				CLANG_WARN_COMMA = YES;
				CLANG_WARN_CONSTANT_CONVERSION = YES;
				CLANG_WARN_DEPRECATED_OBJC_IMPLEMENTATIONS = YES;
				CLANG_WARN_DIRECT_OBJC_ISA_USAGE = YES_ERROR;
				CLANG_WARN_DOCUMENTATION_COMMENTS = YES;
				CLANG_WARN_EMPTY_BODY = YES;
				CLANG_WARN_ENUM_CONVERSION = YES;
				CLANG_WARN_INFINITE_RECURSION = YES;
				CLANG_WARN_INT_CONVERSION = YES;
				CLANG_WARN_NON_LITERAL_NULL_CONVERSION = YES;
				CLANG_WARN_OBJC_IMPLICIT_RETAIN_SELF = YES;
				CLANG_WARN_OBJC_LITERAL_CONVERSION = YES;
				CLANG_WARN_OBJC_ROOT_CLASS = YES_ERROR;
				CLANG_WARN_QUOTED_INCLUDE_IN_FRAMEWORK_HEADER = YES;
				CLANG_WARN_RANGE_LOOP_ANALYSIS = YES;
				CLANG_WARN_STRICT_PROTOTYPES = YES;
				CLANG_WARN_SUSPICIOUS_MOVE = YES;
				CLANG_WARN_UNGUARDED_AVAILABILITY = YES_AGGRESSIVE;
				CLANG_WARN_UNREACHABLE_CODE = YES;
				CLANG_WARN__DUPLICATE_METHOD_MATCH = YES;
				COPY_PHASE_STRIP = NO;
				DEBUG_INFORMATION_FORMAT = "dwarf-with-dsym";
				ENABLE_NS_ASSERTIONS = NO;
				ENABLE_STRICT_OBJC_MSGSEND = YES;
				GCC_C_LANGUAGE_STANDARD = gnu11;
				GCC_NO_COMMON_BLOCKS = YES;
				GCC_WARN_64_TO_32_BIT_CONVERSION = YES;
				GCC_WARN_ABOUT_RETURN_TYPE = YES_ERROR;
				GCC_WARN_UNDECLARED_SELECTOR = YES;
				GCC_WARN_UNINITIALIZED_AUTOS = YES_AGGRESSIVE;
				GCC_WARN_UNUSED_FUNCTION = YES;
				GCC_WARN_UNUSED_VARIABLE = YES;
				IPHONEOS_DEPLOYMENT_TARGET = 16.2;
				MTL_ENABLE_DEBUG_INFO = NO;
				MTL_FAST_MATH = YES;
				SDKROOT = iphoneos;
				SWIFT_COMPILATION_MODE = wholemodule;
				SWIFT_OPTIMIZATION_LEVEL = "-O";
				VALIDATE_PRODUCT = YES;
			};
			name = Release;
		};
		DD75FBCB29C784C7006FB626 /* Debug */ = {
			isa = XCBuildConfiguration;
			baseConfigurationReference = AFA99B20EDC09FA34492266E /* Pods-Eventura(SwiftUI).debug.xcconfig */;
			buildSettings = {
				ASSETCATALOG_COMPILER_APPICON_NAME = AppIcon;
				ASSETCATALOG_COMPILER_GLOBAL_ACCENT_COLOR_NAME = AccentColor;
				CODE_SIGN_STYLE = Automatic;
				CURRENT_PROJECT_VERSION = 1;
				DEVELOPMENT_ASSET_PATHS = "\"Eventura(SwiftUI)/Preview Content\"";
				DEVELOPMENT_TEAM = 66P66L2U9P;
				ENABLE_PREVIEWS = YES;
				GENERATE_INFOPLIST_FILE = YES;
				INFOPLIST_FILE = "Eventura-SwiftUI--Info.plist";
				INFOPLIST_KEY_LSApplicationCategoryType = "";
				INFOPLIST_KEY_NSCameraUsageDescription = "";
				INFOPLIST_KEY_NSFaceIDUsageDescription = "\"This app uses Face ID to securely log you in to your account.\"";
				INFOPLIST_KEY_UIApplicationSceneManifest_Generation = YES;
				INFOPLIST_KEY_UIApplicationSupportsIndirectInputEvents = YES;
				INFOPLIST_KEY_UILaunchScreen_Generation = YES;
				INFOPLIST_KEY_UISupportedInterfaceOrientations_iPad = "UIInterfaceOrientationPortrait UIInterfaceOrientationPortraitUpsideDown UIInterfaceOrientationLandscapeLeft UIInterfaceOrientationLandscapeRight";
				INFOPLIST_KEY_UISupportedInterfaceOrientations_iPhone = "UIInterfaceOrientationPortrait UIInterfaceOrientationLandscapeLeft UIInterfaceOrientationLandscapeRight";
				LD_RUNPATH_SEARCH_PATHS = (
					"$(inherited)",
					"@executable_path/Frameworks",
				);
				MARKETING_VERSION = 1.0;
				PRODUCT_BUNDLE_IDENTIFIER = "edu.mich.adalua.Eventura-SwiftUI-";
				PRODUCT_NAME = "$(TARGET_NAME)";
				SWIFT_EMIT_LOC_STRINGS = YES;
				SWIFT_VERSION = 5.0;
				TARGETED_DEVICE_FAMILY = "1,2";
			};
			name = Debug;
		};
		DD75FBCC29C784C7006FB626 /* Release */ = {
			isa = XCBuildConfiguration;
			baseConfigurationReference = 1A2EE600282F7DE8792C079E /* Pods-Eventura(SwiftUI).release.xcconfig */;
			buildSettings = {
				ASSETCATALOG_COMPILER_APPICON_NAME = AppIcon;
				ASSETCATALOG_COMPILER_GLOBAL_ACCENT_COLOR_NAME = AccentColor;
				CODE_SIGN_STYLE = Automatic;
				CURRENT_PROJECT_VERSION = 1;
				DEVELOPMENT_ASSET_PATHS = "\"Eventura(SwiftUI)/Preview Content\"";
				DEVELOPMENT_TEAM = 66P66L2U9P;
				ENABLE_PREVIEWS = YES;
				GENERATE_INFOPLIST_FILE = YES;
				INFOPLIST_FILE = "Eventura-SwiftUI--Info.plist";
				INFOPLIST_KEY_LSApplicationCategoryType = "";
				INFOPLIST_KEY_NSCameraUsageDescription = "";
				INFOPLIST_KEY_NSFaceIDUsageDescription = "\"This app uses Face ID to securely log you in to your account.\"";
				INFOPLIST_KEY_UIApplicationSceneManifest_Generation = YES;
				INFOPLIST_KEY_UIApplicationSupportsIndirectInputEvents = YES;
				INFOPLIST_KEY_UILaunchScreen_Generation = YES;
				INFOPLIST_KEY_UISupportedInterfaceOrientations_iPad = "UIInterfaceOrientationPortrait UIInterfaceOrientationPortraitUpsideDown UIInterfaceOrientationLandscapeLeft UIInterfaceOrientationLandscapeRight";
				INFOPLIST_KEY_UISupportedInterfaceOrientations_iPhone = "UIInterfaceOrientationPortrait UIInterfaceOrientationLandscapeLeft UIInterfaceOrientationLandscapeRight";
				LD_RUNPATH_SEARCH_PATHS = (
					"$(inherited)",
					"@executable_path/Frameworks",
				);
				MARKETING_VERSION = 1.0;
				PRODUCT_BUNDLE_IDENTIFIER = "edu.mich.adalua.Eventura-SwiftUI-";
				PRODUCT_NAME = "$(TARGET_NAME)";
				SWIFT_EMIT_LOC_STRINGS = YES;
				SWIFT_VERSION = 5.0;
				TARGETED_DEVICE_FAMILY = "1,2";
			};
			name = Release;
		};
		DD75FBCE29C784C7006FB626 /* Debug */ = {
			isa = XCBuildConfiguration;
			baseConfigurationReference = 5D31A3473086D8C661C5B04C /* Pods-Eventura(SwiftUI)Tests.debug.xcconfig */;
			buildSettings = {
				ALWAYS_EMBED_SWIFT_STANDARD_LIBRARIES = YES;
				BUNDLE_LOADER = "$(TEST_HOST)";
				CODE_SIGN_STYLE = Automatic;
				CURRENT_PROJECT_VERSION = 1;
				GENERATE_INFOPLIST_FILE = YES;
				IPHONEOS_DEPLOYMENT_TARGET = 16.2;
				MARKETING_VERSION = 1.0;
				PRODUCT_BUNDLE_IDENTIFIER = "edu.mich.catchkg.Eventura-SwiftUI-Tests";
				PRODUCT_NAME = "$(TARGET_NAME)";
				SWIFT_EMIT_LOC_STRINGS = NO;
				SWIFT_VERSION = 5.0;
				TARGETED_DEVICE_FAMILY = "1,2";
				TEST_HOST = "$(BUILT_PRODUCTS_DIR)/Eventura(SwiftUI).app/$(BUNDLE_EXECUTABLE_FOLDER_PATH)/Eventura(SwiftUI)";
			};
			name = Debug;
		};
		DD75FBCF29C784C7006FB626 /* Release */ = {
			isa = XCBuildConfiguration;
			baseConfigurationReference = 26574A6E15A9F60D71BBF0F5 /* Pods-Eventura(SwiftUI)Tests.release.xcconfig */;
			buildSettings = {
				ALWAYS_EMBED_SWIFT_STANDARD_LIBRARIES = YES;
				BUNDLE_LOADER = "$(TEST_HOST)";
				CODE_SIGN_STYLE = Automatic;
				CURRENT_PROJECT_VERSION = 1;
				GENERATE_INFOPLIST_FILE = YES;
				IPHONEOS_DEPLOYMENT_TARGET = 16.2;
				MARKETING_VERSION = 1.0;
				PRODUCT_BUNDLE_IDENTIFIER = "edu.mich.catchkg.Eventura-SwiftUI-Tests";
				PRODUCT_NAME = "$(TARGET_NAME)";
				SWIFT_EMIT_LOC_STRINGS = NO;
				SWIFT_VERSION = 5.0;
				TARGETED_DEVICE_FAMILY = "1,2";
				TEST_HOST = "$(BUILT_PRODUCTS_DIR)/Eventura(SwiftUI).app/$(BUNDLE_EXECUTABLE_FOLDER_PATH)/Eventura(SwiftUI)";
			};
			name = Release;
		};
		DD75FBD129C784C7006FB626 /* Debug */ = {
			isa = XCBuildConfiguration;
			baseConfigurationReference = 773D84B42D7B68A78C458496 /* Pods-Eventura(SwiftUI)-Eventura(SwiftUI)UITests.debug.xcconfig */;
			buildSettings = {
				ALWAYS_EMBED_SWIFT_STANDARD_LIBRARIES = YES;
				CODE_SIGN_STYLE = Automatic;
				CURRENT_PROJECT_VERSION = 1;
				GENERATE_INFOPLIST_FILE = YES;
				MARKETING_VERSION = 1.0;
				PRODUCT_BUNDLE_IDENTIFIER = "edu.mich.catchkg.Eventura-SwiftUI-UITests";
				PRODUCT_NAME = "$(TARGET_NAME)";
				SWIFT_EMIT_LOC_STRINGS = NO;
				SWIFT_VERSION = 5.0;
				TARGETED_DEVICE_FAMILY = "1,2";
				TEST_TARGET_NAME = "Eventura(SwiftUI)";
			};
			name = Debug;
		};
		DD75FBD229C784C7006FB626 /* Release */ = {
			isa = XCBuildConfiguration;
			baseConfigurationReference = 12B1E252F60A5BC622BC8404 /* Pods-Eventura(SwiftUI)-Eventura(SwiftUI)UITests.release.xcconfig */;
			buildSettings = {
				ALWAYS_EMBED_SWIFT_STANDARD_LIBRARIES = YES;
				CODE_SIGN_STYLE = Automatic;
				CURRENT_PROJECT_VERSION = 1;
				GENERATE_INFOPLIST_FILE = YES;
				MARKETING_VERSION = 1.0;
				PRODUCT_BUNDLE_IDENTIFIER = "edu.mich.catchkg.Eventura-SwiftUI-UITests";
				PRODUCT_NAME = "$(TARGET_NAME)";
				SWIFT_EMIT_LOC_STRINGS = NO;
				SWIFT_VERSION = 5.0;
				TARGETED_DEVICE_FAMILY = "1,2";
				TEST_TARGET_NAME = "Eventura(SwiftUI)";
			};
			name = Release;
		};
/* End XCBuildConfiguration section */

/* Begin XCConfigurationList section */
		DD75FBA129C784C3006FB626 /* Build configuration list for PBXProject "Eventura(SwiftUI)" */ = {
			isa = XCConfigurationList;
			buildConfigurations = (
				DD75FBC829C784C7006FB626 /* Debug */,
				DD75FBC929C784C7006FB626 /* Release */,
			);
			defaultConfigurationIsVisible = 0;
			defaultConfigurationName = Release;
		};
		DD75FBCA29C784C7006FB626 /* Build configuration list for PBXNativeTarget "Eventura(SwiftUI)" */ = {
			isa = XCConfigurationList;
			buildConfigurations = (
				DD75FBCB29C784C7006FB626 /* Debug */,
				DD75FBCC29C784C7006FB626 /* Release */,
			);
			defaultConfigurationIsVisible = 0;
			defaultConfigurationName = Release;
		};
		DD75FBCD29C784C7006FB626 /* Build configuration list for PBXNativeTarget "Eventura(SwiftUI)Tests" */ = {
			isa = XCConfigurationList;
			buildConfigurations = (
				DD75FBCE29C784C7006FB626 /* Debug */,
				DD75FBCF29C784C7006FB626 /* Release */,
			);
			defaultConfigurationIsVisible = 0;
			defaultConfigurationName = Release;
		};
		DD75FBD029C784C7006FB626 /* Build configuration list for PBXNativeTarget "Eventura(SwiftUI)UITests" */ = {
			isa = XCConfigurationList;
			buildConfigurations = (
				DD75FBD129C784C7006FB626 /* Debug */,
				DD75FBD229C784C7006FB626 /* Release */,
			);
			defaultConfigurationIsVisible = 0;
			defaultConfigurationName = Release;
		};
/* End XCConfigurationList section */

/* Begin XCRemoteSwiftPackageReference section */
		DD75FBE529C7FC17006FB626 /* XCRemoteSwiftPackageReference "swift-algorithms" */ = {
			isa = XCRemoteSwiftPackageReference;
			repositoryURL = "https://github.com/apple/swift-algorithms.git";
			requirement = {
				kind = upToNextMajorVersion;
				minimumVersion = 1.0.0;
			};
		};
		DD75FBF329C815C1006FB626 /* XCRemoteSwiftPackageReference "web3swift" */ = {
			isa = XCRemoteSwiftPackageReference;
			repositoryURL = "https://github.com/web3swift-team/web3swift.git";
			requirement = {
				kind = upToNextMajorVersion;
				minimumVersion = 3.0.0;
			};
		};
/* End XCRemoteSwiftPackageReference section */

/* Begin XCSwiftPackageProductDependency section */
		DD75FBE629C7FC17006FB626 /* Algorithms */ = {
			isa = XCSwiftPackageProductDependency;
			package = DD75FBE529C7FC17006FB626 /* XCRemoteSwiftPackageReference "swift-algorithms" */;
			productName = Algorithms;
		};
		DD75FBF429C815C1006FB626 /* web3swift */ = {
			isa = XCSwiftPackageProductDependency;
			package = DD75FBF329C815C1006FB626 /* XCRemoteSwiftPackageReference "web3swift" */;
			productName = web3swift;
		};
/* End XCSwiftPackageProductDependency section */
	};
	rootObject = DD75FB9E29C784C3006FB626 /* Project object */;
}
